
Microsoft Visual Studio Solution File, Format Version 12.00
# Visual Studio 15
VisualStudioVersion = 15.0.27130.2010
MinimumVisualStudioVersion = 10.0.40219.1
Project("{9A19103F-16F7-4668-BE54-9A1E7A4F7556}") = "AssetsTool.Web", "src\AssetsTool.Web\AssetsTool.Web.csproj", "{A29E3780-4712-4406-AD12-63DD8485DCB2}"
EndProject
Project("{9A19103F-16F7-4668-BE54-9A1E7A4F7556}") = "AssetsTool.Core", "src\AssetsTool.Core\AssetsTool.Core.csproj", "{48003655-B064-4FEE-B418-DD981EA1BA0F}"
EndProject
Project("{9A19103F-16F7-4668-BE54-9A1E7A4F7556}") = "AssetsTool.Models", "src\AssetsTool.Models\AssetsTool.Models.csproj", "{5C3BEF76-DCEB-4D43-8A36-67944EB267C8}"
EndProject
Project("{9A19103F-16F7-4668-BE54-9A1E7A4F7556}") = "Base", "src\Base\Base.csproj", "{3C715339-17C0-49A1-8224-AC8D7D3ACB6C}"
EndProject
Global
	GlobalSection(SolutionConfigurationPlatforms) = preSolution
		Debug|Any CPU = Debug|Any CPU
		Release|Any CPU = Release|Any CPU
	EndGlobalSection
	GlobalSection(ProjectConfigurationPlatforms) = postSolution
		{A29E3780-4712-4406-AD12-63DD8485DCB2}.Debug|Any CPU.ActiveCfg = Debug|Any CPU
		{A29E3780-4712-4406-AD12-63DD8485DCB2}.Debug|Any CPU.Build.0 = Debug|Any CPU
		{A29E3780-4712-4406-AD12-63DD8485DCB2}.Release|Any CPU.ActiveCfg = Release|Any CPU
		{A29E3780-4712-4406-AD12-63DD8485DCB2}.Release|Any CPU.Build.0 = Release|Any CPU
		{48003655-B064-4FEE-B418-DD981EA1BA0F}.Debug|Any CPU.ActiveCfg = Debug|Any CPU
		{48003655-B064-4FEE-B418-DD981EA1BA0F}.Debug|Any CPU.Build.0 = Debug|Any CPU
		{48003655-B064-4FEE-B418-DD981EA1BA0F}.Release|Any CPU.ActiveCfg = Release|Any CPU
		{48003655-B064-4FEE-B418-DD981EA1BA0F}.Release|Any CPU.Build.0 = Release|Any CPU
		{5C3BEF76-DCEB-4D43-8A36-67944EB267C8}.Debug|Any CPU.ActiveCfg = Debug|Any CPU
		{5C3BEF76-DCEB-4D43-8A36-67944EB267C8}.Debug|Any CPU.Build.0 = Debug|Any CPU
		{5C3BEF76-DCEB-4D43-8A36-67944EB267C8}.Release|Any CPU.ActiveCfg = Release|Any CPU
		{5C3BEF76-DCEB-4D43-8A36-67944EB267C8}.Release|Any CPU.Build.0 = Release|Any CPU
		{3C715339-17C0-49A1-8224-AC8D7D3ACB6C}.Debug|Any CPU.ActiveCfg = Debug|Any CPU
		{3C715339-17C0-49A1-8224-AC8D7D3ACB6C}.Debug|Any CPU.Build.0 = Debug|Any CPU
		{3C715339-17C0-49A1-8224-AC8D7D3ACB6C}.Release|Any CPU.ActiveCfg = Release|Any CPU
		{3C715339-17C0-49A1-8224-AC8D7D3ACB6C}.Release|Any CPU.Build.0 = Release|Any CPU
	EndGlobalSection
	GlobalSection(SolutionProperties) = preSolution
		HideSolutionNode = FALSE
	EndGlobalSection
	GlobalSection(ExtensibilityGlobals) = postSolution
		SolutionGuid = {D5F78C6C-4123-47C1-991F-23AD98FDEB4C}
	EndGlobalSection
EndGlobal
